// !$*UTF8*$!
{
	archiveVersion = 1;
	classes = {
	};
	objectVersion = 56;
	objects = {

/* Begin PBXBuildFile section */
		ED18797A2ACDDE530091B543 /* AppDelegate.swift in Sources */ = {isa = PBXBuildFile; fileRef = ED1879792ACDDE530091B543 /* AppDelegate.swift */; };
		ED18797C2ACDDE530091B543 /* SceneDelegate.swift in Sources */ = {isa = PBXBuildFile; fileRef = ED18797B2ACDDE530091B543 /* SceneDelegate.swift */; };
		ED1879832ACDDE550091B543 /* Assets.xcassets in Resources */ = {isa = PBXBuildFile; fileRef = ED1879822ACDDE550091B543 /* Assets.xcassets */; };
		ED1879862ACDDE550091B543 /* LaunchScreen.storyboard in Resources */ = {isa = PBXBuildFile; fileRef = ED1879842ACDDE550091B543 /* LaunchScreen.storyboard */; };
		ED18798E2ACDDEF00091B543 /* StartViewController.swift in Sources */ = {isa = PBXBuildFile; fileRef = ED18798D2ACDDEF00091B543 /* StartViewController.swift */; };
		ED1879902ACDDF100091B543 /* StartViewController.xib in Resources */ = {isa = PBXBuildFile; fileRef = ED18798F2ACDDF100091B543 /* StartViewController.xib */; };
		ED1879962ACDE5630091B543 /* Romeo-and-Juliet.txt in Resources */ = {isa = PBXBuildFile; fileRef = ED1879952ACDE5630091B543 /* Romeo-and-Juliet.txt */; };
		ED18799D2ACDE6A40091B543 /* UIViewController+Ext.swift in Sources */ = {isa = PBXBuildFile; fileRef = ED18799C2ACDE6A40091B543 /* UIViewController+Ext.swift */; };
		ED18799F2ACDE6F90091B543 /* WordTableViewController.swift in Sources */ = {isa = PBXBuildFile; fileRef = ED18799E2ACDE6F90091B543 /* WordTableViewController.swift */; };
		ED1879A12ACDE7180091B543 /* WordTableViewController.xib in Resources */ = {isa = PBXBuildFile; fileRef = ED1879A02ACDE7180091B543 /* WordTableViewController.xib */; };
		ED1879A32ACDE9BA0091B543 /* UITableView+Ext.swift in Sources */ = {isa = PBXBuildFile; fileRef = ED1879A22ACDE9BA0091B543 /* UITableView+Ext.swift */; };
		ED1879A72ACDEA280091B543 /* WordTableViewCell.swift in Sources */ = {isa = PBXBuildFile; fileRef = ED1879A62ACDEA280091B543 /* WordTableViewCell.swift */; };
		ED1879A92ACDEA3F0091B543 /* WordTableViewCell.xib in Resources */ = {isa = PBXBuildFile; fileRef = ED1879A82ACDEA3F0091B543 /* WordTableViewCell.xib */; };
		ED1879AC2ACDEAF50091B543 /* AlbumTableViewCell.xib in Resources */ = {isa = PBXBuildFile; fileRef = ED1879AB2ACDEAF50091B543 /* AlbumTableViewCell.xib */; };
		ED1879AE2ACDEAFD0091B543 /* AlbumTableViewCell.swift in Sources */ = {isa = PBXBuildFile; fileRef = ED1879AD2ACDEAFD0091B543 /* AlbumTableViewCell.swift */; };
		ED1879B12ACDEC530091B543 /* AlbumsTableViewController.swift in Sources */ = {isa = PBXBuildFile; fileRef = ED1879B02ACDEC530091B543 /* AlbumsTableViewController.swift */; };
		ED1879B32ACDEC690091B543 /* AlbumsTableViewController.xib in Resources */ = {isa = PBXBuildFile; fileRef = ED1879B22ACDEC690091B543 /* AlbumsTableViewController.xib */; };
		ED1879B62ACDED210091B543 /* AlbumModel.swift in Sources */ = {isa = PBXBuildFile; fileRef = ED1879B52ACDED210091B543 /* AlbumModel.swift */; };
		ED1879B82ACDED2E0091B543 /* WordModel.swift in Sources */ = {isa = PBXBuildFile; fileRef = ED1879B72ACDED2E0091B543 /* WordModel.swift */; };
/* End PBXBuildFile section */

/* Begin PBXFileReference section */
		ED1879762ACDDE530091B543 /* TeladocTest.app */ = {isa = PBXFileReference; explicitFileType = wrapper.application; includeInIndex = 0; path = TeladocTest.app; sourceTree = BUILT_PRODUCTS_DIR; };
		ED1879792ACDDE530091B543 /* AppDelegate.swift */ = {isa = PBXFileReference; lastKnownFileType = sourcecode.swift; path = AppDelegate.swift; sourceTree = "<group>"; };
		ED18797B2ACDDE530091B543 /* SceneDelegate.swift */ = {isa = PBXFileReference; lastKnownFileType = sourcecode.swift; path = SceneDelegate.swift; sourceTree = "<group>"; };
		ED1879822ACDDE550091B543 /* Assets.xcassets */ = {isa = PBXFileReference; lastKnownFileType = folder.assetcatalog; path = Assets.xcassets; sourceTree = "<group>"; };
		ED1879852ACDDE550091B543 /* Base */ = {isa = PBXFileReference; lastKnownFileType = file.storyboard; name = Base; path = Base.lproj/LaunchScreen.storyboard; sourceTree = "<group>"; };
		ED1879872ACDDE550091B543 /* Info.plist */ = {isa = PBXFileReference; lastKnownFileType = text.plist.xml; path = Info.plist; sourceTree = "<group>"; };
		ED18798D2ACDDEF00091B543 /* StartViewController.swift */ = {isa = PBXFileReference; lastKnownFileType = sourcecode.swift; path = StartViewController.swift; sourceTree = "<group>"; };
		ED18798F2ACDDF100091B543 /* StartViewController.xib */ = {isa = PBXFileReference; lastKnownFileType = file.xib; path = StartViewController.xib; sourceTree = "<group>"; };
		ED1879952ACDE5630091B543 /* Romeo-and-Juliet.txt */ = {isa = PBXFileReference; fileEncoding = 4; lastKnownFileType = text; path = "Romeo-and-Juliet.txt"; sourceTree = "<group>"; };
		ED18799C2ACDE6A40091B543 /* UIViewController+Ext.swift */ = {isa = PBXFileReference; lastKnownFileType = sourcecode.swift; path = "UIViewController+Ext.swift"; sourceTree = "<group>"; };
		ED18799E2ACDE6F90091B543 /* WordTableViewController.swift */ = {isa = PBXFileReference; lastKnownFileType = sourcecode.swift; path = WordTableViewController.swift; sourceTree = "<group>"; };
		ED1879A02ACDE7180091B543 /* WordTableViewController.xib */ = {isa = PBXFileReference; lastKnownFileType = file.xib; path = WordTableViewController.xib; sourceTree = "<group>"; };
		ED1879A22ACDE9BA0091B543 /* UITableView+Ext.swift */ = {isa = PBXFileReference; lastKnownFileType = sourcecode.swift; path = "UITableView+Ext.swift"; sourceTree = "<group>"; };
		ED1879A62ACDEA280091B543 /* WordTableViewCell.swift */ = {isa = PBXFileReference; lastKnownFileType = sourcecode.swift; path = WordTableViewCell.swift; sourceTree = "<group>"; };
		ED1879A82ACDEA3F0091B543 /* WordTableViewCell.xib */ = {isa = PBXFileReference; lastKnownFileType = file.xib; path = WordTableViewCell.xib; sourceTree = "<group>"; };
		ED1879AB2ACDEAF50091B543 /* AlbumTableViewCell.xib */ = {isa = PBXFileReference; lastKnownFileType = file.xib; path = AlbumTableViewCell.xib; sourceTree = "<group>"; };
		ED1879AD2ACDEAFD0091B543 /* AlbumTableViewCell.swift */ = {isa = PBXFileReference; lastKnownFileType = sourcecode.swift; path = AlbumTableViewCell.swift; sourceTree = "<group>"; };
		ED1879B02ACDEC530091B543 /* AlbumsTableViewController.swift */ = {isa = PBXFileReference; lastKnownFileType = sourcecode.swift; path = AlbumsTableViewController.swift; sourceTree = "<group>"; };
		ED1879B22ACDEC690091B543 /* AlbumsTableViewController.xib */ = {isa = PBXFileReference; lastKnownFileType = file.xib; path = AlbumsTableViewController.xib; sourceTree = "<group>"; };
		ED1879B52ACDED210091B543 /* AlbumModel.swift */ = {isa = PBXFileReference; lastKnownFileType = sourcecode.swift; path = AlbumModel.swift; sourceTree = "<group>"; };
		ED1879B72ACDED2E0091B543 /* WordModel.swift */ = {isa = PBXFileReference; lastKnownFileType = sourcecode.swift; path = WordModel.swift; sourceTree = "<group>"; };
/* End PBXFileReference section */

/* Begin PBXFrameworksBuildPhase section */
		ED1879732ACDDE530091B543 /* Frameworks */ = {
			isa = PBXFrameworksBuildPhase;
			buildActionMask = 2147483647;
			files = (
			);
			runOnlyForDeploymentPostprocessing = 0;
		};
/* End PBXFrameworksBuildPhase section */

/* Begin PBXGroup section */
		ED18796D2ACDDE530091B543 = {
			isa = PBXGroup;
			children = (
				ED1879782ACDDE530091B543 /* TeladocTest */,
				ED1879772ACDDE530091B543 /* Products */,
			);
			sourceTree = "<group>";
		};
		ED1879772ACDDE530091B543 /* Products */ = {
			isa = PBXGroup;
			children = (
				ED1879762ACDDE530091B543 /* TeladocTest.app */,
			);
			name = Products;
			sourceTree = "<group>";
		};
		ED1879782ACDDE530091B543 /* TeladocTest */ = {
			isa = PBXGroup;
			children = (
				ED1879922ACDE4C80091B543 /* Sources */,
				ED1879912ACDE4BF0091B543 /* Resources */,
			);
			path = TeladocTest;
			sourceTree = "<group>";
		};
		ED1879912ACDE4BF0091B543 /* Resources */ = {
			isa = PBXGroup;
			children = (
				ED1879952ACDE5630091B543 /* Romeo-and-Juliet.txt */,
				ED1879822ACDDE550091B543 /* Assets.xcassets */,
				ED1879872ACDDE550091B543 /* Info.plist */,
			);
			path = Resources;
			sourceTree = "<group>";
		};
		ED1879922ACDE4C80091B543 /* Sources */ = {
			isa = PBXGroup;
			children = (
				ED1879B42ACDED110091B543 /* Models */,
				ED1879A42ACDEA030091B543 /* Views */,
				ED18799A2ACDE61B0091B543 /* Extensions */,
				ED1879992ACDE60B0091B543 /* Services */,
				ED1879932ACDE5090091B543 /* Modules */,
			);
			path = Sources;
			sourceTree = "<group>";
		};
		ED1879932ACDE5090091B543 /* Modules */ = {
			isa = PBXGroup;
			children = (
				ED1879AF2ACDEC390091B543 /* AlbumsTable */,
				ED1879982ACDE5F60091B543 /* WordTable */,
				ED1879972ACDE5D80091B543 /* Start */,
				ED1879942ACDE5130091B543 /* App */,
			);
			path = Modules;
			sourceTree = "<group>";
		};
		ED1879942ACDE5130091B543 /* App */ = {
			isa = PBXGroup;
			children = (
				ED1879792ACDDE530091B543 /* AppDelegate.swift */,
				ED18797B2ACDDE530091B543 /* SceneDelegate.swift */,
				ED1879842ACDDE550091B543 /* LaunchScreen.storyboard */,
			);
			path = App;
			sourceTree = "<group>";
		};
		ED1879972ACDE5D80091B543 /* Start */ = {
			isa = PBXGroup;
			children = (
				ED18798D2ACDDEF00091B543 /* StartViewController.swift */,
				ED18798F2ACDDF100091B543 /* StartViewController.xib */,
			);
			path = Start;
			sourceTree = "<group>";
		};
		ED1879982ACDE5F60091B543 /* WordTable */ = {
			isa = PBXGroup;
			children = (
				ED18799E2ACDE6F90091B543 /* WordTableViewController.swift */,
				ED1879A02ACDE7180091B543 /* WordTableViewController.xib */,
			);
			path = WordTable;
			sourceTree = "<group>";
		};
		ED1879992ACDE60B0091B543 /* Services */ = {
			isa = PBXGroup;
			children = (
			);
			path = Services;
			sourceTree = "<group>";
		};
		ED18799A2ACDE61B0091B543 /* Extensions */ = {
			isa = PBXGroup;
			children = (
				ED18799C2ACDE6A40091B543 /* UIViewController+Ext.swift */,
				ED1879A22ACDE9BA0091B543 /* UITableView+Ext.swift */,
			);
			path = Extensions;
			sourceTree = "<group>";
		};
		ED1879A42ACDEA030091B543 /* Views */ = {
			isa = PBXGroup;
			children = (
				ED1879AA2ACDEAE50091B543 /* AlbumTableViewCell */,
				ED1879A52ACDEA150091B543 /* WordTableViewCell */,
			);
			path = Views;
			sourceTree = "<group>";
		};
		ED1879A52ACDEA150091B543 /* WordTableViewCell */ = {
			isa = PBXGroup;
			children = (
				ED1879A62ACDEA280091B543 /* WordTableViewCell.swift */,
				ED1879A82ACDEA3F0091B543 /* WordTableViewCell.xib */,
			);
			path = WordTableViewCell;
			sourceTree = "<group>";
		};
		ED1879AA2ACDEAE50091B543 /* AlbumTableViewCell */ = {
			isa = PBXGroup;
			children = (
				ED1879AD2ACDEAFD0091B543 /* AlbumTableViewCell.swift */,
				ED1879AB2ACDEAF50091B543 /* AlbumTableViewCell.xib */,
			);
			path = AlbumTableViewCell;
			sourceTree = "<group>";
		};
		ED1879AF2ACDEC390091B543 /* AlbumsTable */ = {
			isa = PBXGroup;
			children = (
				ED1879B02ACDEC530091B543 /* AlbumsTableViewController.swift */,
				ED1879B22ACDEC690091B543 /* AlbumsTableViewController.xib */,
			);
			path = AlbumsTable;
			sourceTree = "<group>";
		};
		ED1879B42ACDED110091B543 /* Models */ = {
			isa = PBXGroup;
			children = (
				ED1879B52ACDED210091B543 /* AlbumModel.swift */,
				ED1879B72ACDED2E0091B543 /* WordModel.swift */,
			);
			path = Models;
			sourceTree = "<group>";
		};
/* End PBXGroup section */

/* Begin PBXNativeTarget section */
		ED1879752ACDDE530091B543 /* TeladocTest */ = {
			isa = PBXNativeTarget;
			buildConfigurationList = ED18798A2ACDDE550091B543 /* Build configuration list for PBXNativeTarget "TeladocTest" */;
			buildPhases = (
				ED1879722ACDDE530091B543 /* Sources */,
				ED1879732ACDDE530091B543 /* Frameworks */,
				ED1879742ACDDE530091B543 /* Resources */,
			);
			buildRules = (
			);
			dependencies = (
			);
			name = TeladocTest;
			productName = TeladocTest;
			productReference = ED1879762ACDDE530091B543 /* TeladocTest.app */;
			productType = "com.apple.product-type.application";
		};
/* End PBXNativeTarget section */

/* Begin PBXProject section */
		ED18796E2ACDDE530091B543 /* Project object */ = {
			isa = PBXProject;
			attributes = {
				BuildIndependentTargetsInParallel = 1;
				LastSwiftUpdateCheck = 1430;
				LastUpgradeCheck = 1430;
				TargetAttributes = {
					ED1879752ACDDE530091B543 = {
						CreatedOnToolsVersion = 14.3.1;
					};
				};
			};
			buildConfigurationList = ED1879712ACDDE530091B543 /* Build configuration list for PBXProject "TeladocTest" */;
			compatibilityVersion = "Xcode 14.0";
			developmentRegion = en;
			hasScannedForEncodings = 0;
			knownRegions = (
				en,
				Base,
			);
			mainGroup = ED18796D2ACDDE530091B543;
			productRefGroup = ED1879772ACDDE530091B543 /* Products */;
			projectDirPath = "";
			projectRoot = "";
			targets = (
				ED1879752ACDDE530091B543 /* TeladocTest */,
			);
		};
/* End PBXProject section */

/* Begin PBXResourcesBuildPhase section */
		ED1879742ACDDE530091B543 /* Resources */ = {
			isa = PBXResourcesBuildPhase;
			buildActionMask = 2147483647;
			files = (
				ED1879862ACDDE550091B543 /* LaunchScreen.storyboard in Resources */,
				ED1879B32ACDEC690091B543 /* AlbumsTableViewController.xib in Resources */,
				ED1879832ACDDE550091B543 /* Assets.xcassets in Resources */,
				ED1879962ACDE5630091B543 /* Romeo-and-Juliet.txt in Resources */,
				ED1879A92ACDEA3F0091B543 /* WordTableViewCell.xib in Resources */,
				ED1879AC2ACDEAF50091B543 /* AlbumTableViewCell.xib in Resources */,
				ED1879A12ACDE7180091B543 /* WordTableViewController.xib in Resources */,
				ED1879902ACDDF100091B543 /* StartViewController.xib in Resources */,
			);
			runOnlyForDeploymentPostprocessing = 0;
		};
/* End PBXResourcesBuildPhase section */

/* Begin PBXSourcesBuildPhase section */
		ED1879722ACDDE530091B543 /* Sources */ = {
			isa = PBXSourcesBuildPhase;
			buildActionMask = 2147483647;
			files = (
				ED1879B82ACDED2E0091B543 /* WordModel.swift in Sources */,
				ED18797A2ACDDE530091B543 /* AppDelegate.swift in Sources */,
				ED1879B62ACDED210091B543 /* AlbumModel.swift in Sources */,
				ED18797C2ACDDE530091B543 /* SceneDelegate.swift in Sources */,
				ED18799D2ACDE6A40091B543 /* UIViewController+Ext.swift in Sources */,
				ED1879A32ACDE9BA0091B543 /* UITableView+Ext.swift in Sources */,
				ED1879B12ACDEC530091B543 /* AlbumsTableViewController.swift in Sources */,
				ED1879A72ACDEA280091B543 /* WordTableViewCell.swift in Sources */,
				ED18799F2ACDE6F90091B543 /* WordTableViewController.swift in Sources */,
				ED18798E2ACDDEF00091B543 /* StartViewController.swift in Sources */,
				ED1879AE2ACDEAFD0091B543 /* AlbumTableViewCell.swift in Sources */,
			);
			runOnlyForDeploymentPostprocessing = 0;
		};
/* End PBXSourcesBuildPhase section */

/* Begin PBXVariantGroup section */
		ED1879842ACDDE550091B543 /* LaunchScreen.storyboard */ = {
			isa = PBXVariantGroup;
			children = (
				ED1879852ACDDE550091B543 /* Base */,
			);
			name = LaunchScreen.storyboard;
			sourceTree = "<group>";
		};
/* End PBXVariantGroup section */

/* Begin XCBuildConfiguration section */
		ED1879882ACDDE550091B543 /* Debug */ = {
			isa = XCBuildConfiguration;
			buildSettings = {
				ALWAYS_SEARCH_USER_PATHS = NO;
				CLANG_ANALYZER_NONNULL = YES;
				CLANG_ANALYZER_NUMBER_OBJECT_CONVERSION = YES_AGGRESSIVE;
				CLANG_CXX_LANGUAGE_STANDARD = "gnu++20";
				CLANG_ENABLE_MODULES = YES;
				CLANG_ENABLE_OBJC_ARC = YES;
				CLANG_ENABLE_OBJC_WEAK = YES;
				CLANG_WARN_BLOCK_CAPTURE_AUTORELEASING = YES;
				CLANG_WARN_BOOL_CONVERSION = YES;
				CLANG_WARN_COMMA = YES;
				CLANG_WARN_CONSTANT_CONVERSION = YES;
				CLANG_WARN_DEPRECATED_OBJC_IMPLEMENTATIONS = YES;
				CLANG_WARN_DIRECT_OBJC_ISA_USAGE = YES_ERROR;
				CLANG_WARN_DOCUMENTATION_COMMENTS = YES;
				CLANG_WARN_EMPTY_BODY = YES;
				CLANG_WARN_ENUM_CONVERSION = YES;
				CLANG_WARN_INFINITE_RECURSION = YES;
				CLANG_WARN_INT_CONVERSION = YES;
				CLANG_WARN_NON_LITERAL_NULL_CONVERSION = YES;
				CLANG_WARN_OBJC_IMPLICIT_RETAIN_SELF = YES;
				CLANG_WARN_OBJC_LITERAL_CONVERSION = YES;
				CLANG_WARN_OBJC_ROOT_CLASS = YES_ERROR;
				CLANG_WARN_QUOTED_INCLUDE_IN_FRAMEWORK_HEADER = YES;
				CLANG_WARN_RANGE_LOOP_ANALYSIS = YES;
				CLANG_WARN_STRICT_PROTOTYPES = YES;
				CLANG_WARN_SUSPICIOUS_MOVE = YES;
				CLANG_WARN_UNGUARDED_AVAILABILITY = YES_AGGRESSIVE;
				CLANG_WARN_UNREACHABLE_CODE = YES;
				CLANG_WARN__DUPLICATE_METHOD_MATCH = YES;
				COPY_PHASE_STRIP = NO;
				DEBUG_INFORMATION_FORMAT = dwarf;
				ENABLE_STRICT_OBJC_MSGSEND = YES;
				ENABLE_TESTABILITY = YES;
				GCC_C_LANGUAGE_STANDARD = gnu11;
				GCC_DYNAMIC_NO_PIC = NO;
				GCC_NO_COMMON_BLOCKS = YES;
				GCC_OPTIMIZATION_LEVEL = 0;
				GCC_PREPROCESSOR_DEFINITIONS = (
					"DEBUG=1",
					"$(inherited)",
				);
				GCC_WARN_64_TO_32_BIT_CONVERSION = YES;
				GCC_WARN_ABOUT_RETURN_TYPE = YES_ERROR;
				GCC_WARN_UNDECLARED_SELECTOR = YES;
				GCC_WARN_UNINITIALIZED_AUTOS = YES_AGGRESSIVE;
				GCC_WARN_UNUSED_FUNCTION = YES;
				GCC_WARN_UNUSED_VARIABLE = YES;
				IPHONEOS_DEPLOYMENT_TARGET = 16.4;
				MTL_ENABLE_DEBUG_INFO = INCLUDE_SOURCE;
				MTL_FAST_MATH = YES;
				ONLY_ACTIVE_ARCH = YES;
				SDKROOT = iphoneos;
				SWIFT_ACTIVE_COMPILATION_CONDITIONS = DEBUG;
				SWIFT_OPTIMIZATION_LEVEL = "-Onone";
			};
			name = Debug;
		};
		ED1879892ACDDE550091B543 /* Release */ = {
			isa = XCBuildConfiguration;
			buildSettings = {
				ALWAYS_SEARCH_USER_PATHS = NO;
				CLANG_ANALYZER_NONNULL = YES;
				CLANG_ANALYZER_NUMBER_OBJECT_CONVERSION = YES_AGGRESSIVE;
				CLANG_CXX_LANGUAGE_STANDARD = "gnu++20";
				CLANG_ENABLE_MODULES = YES;
				CLANG_ENABLE_OBJC_ARC = YES;
				CLANG_ENABLE_OBJC_WEAK = YES;
				CLANG_WARN_BLOCK_CAPTURE_AUTORELEASING = YES;
				CLANG_WARN_BOOL_CONVERSION = YES;
				CLANG_WARN_COMMA = YES;
				CLANG_WARN_CONSTANT_CONVERSION = YES;
				CLANG_WARN_DEPRECATED_OBJC_IMPLEMENTATIONS = YES;
				CLANG_WARN_DIRECT_OBJC_ISA_USAGE = YES_ERROR;
				CLANG_WARN_DOCUMENTATION_COMMENTS = YES;
				CLANG_WARN_EMPTY_BODY = YES;
				CLANG_WARN_ENUM_CONVERSION = YES;
				CLANG_WARN_INFINITE_RECURSION = YES;
				CLANG_WARN_INT_CONVERSION = YES;
				CLANG_WARN_NON_LITERAL_NULL_CONVERSION = YES;
				CLANG_WARN_OBJC_IMPLICIT_RETAIN_SELF = YES;
				CLANG_WARN_OBJC_LITERAL_CONVERSION = YES;
				CLANG_WARN_OBJC_ROOT_CLASS = YES_ERROR;
				CLANG_WARN_QUOTED_INCLUDE_IN_FRAMEWORK_HEADER = YES;
				CLANG_WARN_RANGE_LOOP_ANALYSIS = YES;
				CLANG_WARN_STRICT_PROTOTYPES = YES;
				CLANG_WARN_SUSPICIOUS_MOVE = YES;
				CLANG_WARN_UNGUARDED_AVAILABILITY = YES_AGGRESSIVE;
				CLANG_WARN_UNREACHABLE_CODE = YES;
				CLANG_WARN__DUPLICATE_METHOD_MATCH = YES;
				COPY_PHASE_STRIP = NO;
				DEBUG_INFORMATION_FORMAT = "dwarf-with-dsym";
				ENABLE_NS_ASSERTIONS = NO;
				ENABLE_STRICT_OBJC_MSGSEND = YES;
				GCC_C_LANGUAGE_STANDARD = gnu11;
				GCC_NO_COMMON_BLOCKS = YES;
				GCC_WARN_64_TO_32_BIT_CONVERSION = YES;
				GCC_WARN_ABOUT_RETURN_TYPE = YES_ERROR;
				GCC_WARN_UNDECLARED_SELECTOR = YES;
				GCC_WARN_UNINITIALIZED_AUTOS = YES_AGGRESSIVE;
				GCC_WARN_UNUSED_FUNCTION = YES;
				GCC_WARN_UNUSED_VARIABLE = YES;
				IPHONEOS_DEPLOYMENT_TARGET = 16.4;
				MTL_ENABLE_DEBUG_INFO = NO;
				MTL_FAST_MATH = YES;
				SDKROOT = iphoneos;
				SWIFT_COMPILATION_MODE = wholemodule;
				SWIFT_OPTIMIZATION_LEVEL = "-O";
				VALIDATE_PRODUCT = YES;
			};
			name = Release;
		};
		ED18798B2ACDDE550091B543 /* Debug */ = {
			isa = XCBuildConfiguration;
			buildSettings = {
				ASSETCATALOG_COMPILER_APPICON_NAME = AppIcon;
				ASSETCATALOG_COMPILER_GLOBAL_ACCENT_COLOR_NAME = AccentColor;
				CODE_SIGN_STYLE = Automatic;
				CURRENT_PROJECT_VERSION = 1;
				DEVELOPMENT_TEAM = LFCFCWJ9FC;
				GENERATE_INFOPLIST_FILE = YES;
				INFOPLIST_FILE = TeladocTest/Info.plist;
				INFOPLIST_KEY_UIApplicationSupportsIndirectInputEvents = YES;
				INFOPLIST_KEY_UILaunchStoryboardName = LaunchScreen;
				INFOPLIST_KEY_UISupportedInterfaceOrientations_iPad = "UIInterfaceOrientationPortrait UIInterfaceOrientationPortraitUpsideDown UIInterfaceOrientationLandscapeLeft UIInterfaceOrientationLandscapeRight";
				INFOPLIST_KEY_UISupportedInterfaceOrientations_iPhone = "UIInterfaceOrientationPortrait UIInterfaceOrientationLandscapeLeft UIInterfaceOrientationLandscapeRight";
				LD_RUNPATH_SEARCH_PATHS = (
					"$(inherited)",
					"@executable_path/Frameworks",
				);
				MARKETING_VERSION = 1.0;
				PRODUCT_BUNDLE_IDENTIFIER = com.test.TeladocTest;
				PRODUCT_NAME = "$(TARGET_NAME)";
				SWIFT_EMIT_LOC_STRINGS = YES;
				SWIFT_VERSION = 5.0;
				TARGETED_DEVICE_FAMILY = "1,2";
			};
			name = Debug;
		};
		ED18798C2ACDDE550091B543 /* Release */ = {
			isa = XCBuildConfiguration;
			buildSettings = {
				ASSETCATALOG_COMPILER_APPICON_NAME = AppIcon;
				ASSETCATALOG_COMPILER_GLOBAL_ACCENT_COLOR_NAME = AccentColor;
				CODE_SIGN_STYLE = Automatic;
				CURRENT_PROJECT_VERSION = 1;
				DEVELOPMENT_TEAM = LFCFCWJ9FC;
				GENERATE_INFOPLIST_FILE = YES;
				INFOPLIST_FILE = TeladocTest/Info.plist;
				INFOPLIST_KEY_UIApplicationSupportsIndirectInputEvents = YES;
				INFOPLIST_KEY_UILaunchStoryboardName = LaunchScreen;
				INFOPLIST_KEY_UISupportedInterfaceOrientations_iPad = "UIInterfaceOrientationPortrait UIInterfaceOrientationPortraitUpsideDown UIInterfaceOrientationLandscapeLeft UIInterfaceOrientationLandscapeRight";
				INFOPLIST_KEY_UISupportedInterfaceOrientations_iPhone = "UIInterfaceOrientationPortrait UIInterfaceOrientationLandscapeLeft UIInterfaceOrientationLandscapeRight";
				LD_RUNPATH_SEARCH_PATHS = (
					"$(inherited)",
					"@executable_path/Frameworks",
				);
				MARKETING_VERSION = 1.0;
				PRODUCT_BUNDLE_IDENTIFIER = com.test.TeladocTest;
				PRODUCT_NAME = "$(TARGET_NAME)";
				SWIFT_EMIT_LOC_STRINGS = YES;
				SWIFT_VERSION = 5.0;
				TARGETED_DEVICE_FAMILY = "1,2";
			};
			name = Release;
		};
/* End XCBuildConfiguration section */

/* Begin XCConfigurationList section */
		ED1879712ACDDE530091B543 /* Build configuration list for PBXProject "TeladocTest" */ = {
			isa = XCConfigurationList;
			buildConfigurations = (
				ED1879882ACDDE550091B543 /* Debug */,
				ED1879892ACDDE550091B543 /* Release */,
			);
			defaultConfigurationIsVisible = 0;
			defaultConfigurationName = Release;
		};
		ED18798A2ACDDE550091B543 /* Build configuration list for PBXNativeTarget "TeladocTest" */ = {
			isa = XCConfigurationList;
			buildConfigurations = (
				ED18798B2ACDDE550091B543 /* Debug */,
				ED18798C2ACDDE550091B543 /* Release */,
			);
			defaultConfigurationIsVisible = 0;
			defaultConfigurationName = Release;
		};
/* End XCConfigurationList section */
	};
	rootObject = ED18796E2ACDDE530091B543 /* Project object */;
}
